
Microsoft Visual Studio Solution File, Format Version 12.00
Project("{FAE04EC0-301F-11D3-BF4B-00C04F79EFBC}") = "monads", "monads\monads.csproj", "{205F13A1-48C0-4E66-8595-58A8C7F61EDD}"
EndProject
Project("{FAE04EC0-301F-11D3-BF4B-00C04F79EFBC}") = "monads.tests", "monads.tests\monads.tests.csproj", "{37540F2B-BF5D-43C0-9F0C-30E3B1BD8408}"
EndProject
Global
	GlobalSection(SolutionConfigurationPlatforms) = preSolution
		Debug|Any CPU = Debug|Any CPU
		Release|Any CPU = Release|Any CPU
	EndGlobalSection
	GlobalSection(ProjectConfigurationPlatforms) = postSolution
		{205F13A1-48C0-4E66-8595-58A8C7F61EDD}.Debug|Any CPU.ActiveCfg = Debug|Any CPU
		{205F13A1-48C0-4E66-8595-58A8C7F61EDD}.Debug|Any CPU.Build.0 = Debug|Any CPU
		{205F13A1-48C0-4E66-8595-58A8C7F61EDD}.Release|Any CPU.ActiveCfg = Release|Any CPU
		{205F13A1-48C0-4E66-8595-58A8C7F61EDD}.Release|Any CPU.Build.0 = Release|Any CPU
		{37540F2B-BF5D-43C0-9F0C-30E3B1BD8408}.Debug|Any CPU.ActiveCfg = Debug|Any CPU
		{37540F2B-BF5D-43C0-9F0C-30E3B1BD8408}.Debug|Any CPU.Build.0 = Debug|Any CPU
		{37540F2B-BF5D-43C0-9F0C-30E3B1BD8408}.Release|Any CPU.ActiveCfg = Release|Any CPU
		{37540F2B-BF5D-43C0-9F0C-30E3B1BD8408}.Release|Any CPU.Build.0 = Release|Any CPU
	EndGlobalSection
EndGlobal
